{
  "name": "Aura",
  "lockfileVersion": 3,
  "requires": true,
  "packages": {
    "": {
      "devDependencies": {
        "@types/pixelmatch": "^5.2.6",
        "@types/pngjs": "^6.0.5"
      }
    },
    "node_modules/@types/node": {
      "version": "25.5.2",
      "resolved": "https://registry.npmjs.org/@types/node/-/node-25.5.2.tgz",
      "integrity": "sha512-tO4ZIRKNC+MDWV4qKVZe3Ql/woTnmHDr5JD8UI5hn2pwBrHEwOEMZK7WlNb5RKB6EoJ02gwmQS9OrjuFnZYdpg==",
      "dev": true,
      "license": "MIT",
      "dependencies": {
        "undici-types": "~7.18.0"
      }
    },
    "node_modules/@types/pixelmatch": {
      "version": "5.2.6",
      "resolved": "https://registry.npmjs.org/@types/pixelmatch/-/pixelmatch-5.2.6.tgz",
      "integrity": "sha512-wC83uexE5KGuUODn6zkm9gMzTwdY5L0chiK+VrKcDfEjzxh1uadlWTvOmAbCpnM9zx/Ww3f8uKlYQVnO/TrqVg==",
      "dev": true,
      "license": "MIT",
      "dependencies": {
        "@types/node": "*"
      }
    },
    "node_modules/@types/pngjs": {
      "version": "6.0.5",
      "resolved": "https://registry.npmjs.org/@types/pngjs/-/pngjs-6.0.5.tgz",
      "integrity": "sha512-0k5eKfrA83JOZPppLtS2C7OUtyNAl2wKNxfyYl9Q5g9lPkgBl/9hNyAu6HuEH2J4XmIv2znEpkDd0SaZVxW6iQ==",
      "dev": true,
      "license": "MIT",
      "dependencies": {
        "@types/node": "*"
      }
    },
    "node_modules/undici-types": {
      "version": "7.18.2",
      "resolved": "https://registry.npmjs.org/undici-types/-/undici-types-7.18.2.tgz",
      "integrity": "sha512-AsuCzffGHJybSaRrmr5eHr81mwJU3kjw6M+uprWvCXiNeN9SOGwQ3Jn8jb8m3Z6izVgknn1R0FTCEAP2QrLY/w==",
      "dev": true,
      "license": "MIT"
    }
  }
}
